
Microsoft Visual Studio Solution File, Format Version 12.00
# Visual Studio Version 17
VisualStudioVersion = 17.0.31903.59
MinimumVisualStudioVersion = 10.0.40219.1
Project("{FAE04EC0-301F-11D3-BF4B-00C04F79EFBC}") = "InventoryManagementSystem.API", "InventoryManagementSystem.API\InventoryManagementSystem.API.csproj", "{06F6B530-4E97-4AEA-A3F8-020B56000F48}"
EndProject
Project("{FAE04EC0-301F-11D3-BF4B-00C04F79EFBC}") = "InventoryManagementSystem.Application", "InventoryManagementSystem.Application\InventoryManagementSystem.Application.csproj", "{0847F12F-2362-4127-92A5-DCD82E171462}"
EndProject
Project("{FAE04EC0-301F-11D3-BF4B-00C04F79EFBC}") = "InventoryManagementSystem.Domain", "InventoryManagementSystem.Domain\InventoryManagementSystem.Domain.csproj", "{E3E13A81-F508-4B9F-A5CD-C6263B631E1C}"
EndProject
Project("{FAE04EC0-301F-11D3-BF4B-00C04F79EFBC}") = "InventoryManagementSystem.Infrastructure", "InventoryManagementSystem.Infrastructure\InventoryManagementSystem.Infrastructure.csproj", "{93A02575-9656-4F3F-9D96-0F8DBFECBFEF}"
EndProject
Project("{FAE04EC0-301F-11D3-BF4B-00C04F79EFBC}") = "InventoryManagementSystem.Tests", "InventoryManagementSystem.Tests\InventoryManagementSystem.Tests.csproj", "{365821E3-923F-40B1-8B17-76F55040D618}"
EndProject
Global
	GlobalSection(SolutionConfigurationPlatforms) = preSolution
		Debug|Any CPU = Debug|Any CPU
		Release|Any CPU = Release|Any CPU
	EndGlobalSection
	GlobalSection(SolutionProperties) = preSolution
		HideSolutionNode = FALSE
	EndGlobalSection
	GlobalSection(ProjectConfigurationPlatforms) = postSolution
		{06F6B530-4E97-4AEA-A3F8-020B56000F48}.Debug|Any CPU.ActiveCfg = Debug|Any CPU
		{06F6B530-4E97-4AEA-A3F8-020B56000F48}.Debug|Any CPU.Build.0 = Debug|Any CPU
		{06F6B530-4E97-4AEA-A3F8-020B56000F48}.Release|Any CPU.ActiveCfg = Release|Any CPU
		{06F6B530-4E97-4AEA-A3F8-020B56000F48}.Release|Any CPU.Build.0 = Release|Any CPU
		{0847F12F-2362-4127-92A5-DCD82E171462}.Debug|Any CPU.ActiveCfg = Debug|Any CPU
		{0847F12F-2362-4127-92A5-DCD82E171462}.Debug|Any CPU.Build.0 = Debug|Any CPU
		{0847F12F-2362-4127-92A5-DCD82E171462}.Release|Any CPU.ActiveCfg = Release|Any CPU
		{0847F12F-2362-4127-92A5-DCD82E171462}.Release|Any CPU.Build.0 = Release|Any CPU
		{E3E13A81-F508-4B9F-A5CD-C6263B631E1C}.Debug|Any CPU.ActiveCfg = Debug|Any CPU
		{E3E13A81-F508-4B9F-A5CD-C6263B631E1C}.Debug|Any CPU.Build.0 = Debug|Any CPU
		{E3E13A81-F508-4B9F-A5CD-C6263B631E1C}.Release|Any CPU.ActiveCfg = Release|Any CPU
		{E3E13A81-F508-4B9F-A5CD-C6263B631E1C}.Release|Any CPU.Build.0 = Release|Any CPU
		{93A02575-9656-4F3F-9D96-0F8DBFECBFEF}.Debug|Any CPU.ActiveCfg = Debug|Any CPU
		{93A02575-9656-4F3F-9D96-0F8DBFECBFEF}.Debug|Any CPU.Build.0 = Debug|Any CPU
		{93A02575-9656-4F3F-9D96-0F8DBFECBFEF}.Release|Any CPU.ActiveCfg = Release|Any CPU
		{93A02575-9656-4F3F-9D96-0F8DBFECBFEF}.Release|Any CPU.Build.0 = Release|Any CPU
		{365821E3-923F-40B1-8B17-76F55040D618}.Debug|Any CPU.ActiveCfg = Debug|Any CPU
		{365821E3-923F-40B1-8B17-76F55040D618}.Debug|Any CPU.Build.0 = Debug|Any CPU
		{365821E3-923F-40B1-8B17-76F55040D618}.Release|Any CPU.ActiveCfg = Release|Any CPU
		{365821E3-923F-40B1-8B17-76F55040D618}.Release|Any CPU.Build.0 = Release|Any CPU
	EndGlobalSection
EndGlobal
